// !$*UTF8*$!
{
	archiveVersion = 1;
	classes = {
	};
	objectVersion = 50;
	objects = {

/* Begin PBXBuildFile section */
		F026EC83253F02D300DBED7E /* AppDelegate.swift in Sources */ = {isa = PBXBuildFile; fileRef = F026EC82253F02D300DBED7E /* AppDelegate.swift */; };
		F026EC85253F02D300DBED7E /* SceneDelegate.swift in Sources */ = {isa = PBXBuildFile; fileRef = F026EC84253F02D300DBED7E /* SceneDelegate.swift */; };
		F026EC87253F02D300DBED7E /* OnboardingViewController.swift in Sources */ = {isa = PBXBuildFile; fileRef = F026EC86253F02D300DBED7E /* OnboardingViewController.swift */; };
		F026EC8A253F02D300DBED7E /* Main.storyboard in Resources */ = {isa = PBXBuildFile; fileRef = F026EC88253F02D300DBED7E /* Main.storyboard */; };
		F026EC8C253F02D400DBED7E /* Assets.xcassets in Resources */ = {isa = PBXBuildFile; fileRef = F026EC8B253F02D400DBED7E /* Assets.xcassets */; };
		F026EC8F253F02D400DBED7E /* LaunchScreen.storyboard in Resources */ = {isa = PBXBuildFile; fileRef = F026EC8D253F02D400DBED7E /* LaunchScreen.storyboard */; };
		F0A58CE0253F100A0024B7EF /* OnboardingViewModel.swift in Sources */ = {isa = PBXBuildFile; fileRef = F0A58CDF253F100A0024B7EF /* OnboardingViewModel.swift */; };
/* End PBXBuildFile section */

/* Begin PBXFileReference section */
		F026EC7F253F02D300DBED7E /* Check✓.app */ = {isa = PBXFileReference; explicitFileType = wrapper.application; includeInIndex = 0; path = "Check✓.app"; sourceTree = BUILT_PRODUCTS_DIR; };
		F026EC82253F02D300DBED7E /* AppDelegate.swift */ = {isa = PBXFileReference; lastKnownFileType = sourcecode.swift; path = AppDelegate.swift; sourceTree = "<group>"; };
		F026EC84253F02D300DBED7E /* SceneDelegate.swift */ = {isa = PBXFileReference; lastKnownFileType = sourcecode.swift; path = SceneDelegate.swift; sourceTree = "<group>"; };
		F026EC86253F02D300DBED7E /* OnboardingViewController.swift */ = {isa = PBXFileReference; lastKnownFileType = sourcecode.swift; path = OnboardingViewController.swift; sourceTree = "<group>"; };
		F026EC89253F02D300DBED7E /* Base */ = {isa = PBXFileReference; lastKnownFileType = file.storyboard; name = Base; path = Base.lproj/Main.storyboard; sourceTree = "<group>"; };
		F026EC8B253F02D400DBED7E /* Assets.xcassets */ = {isa = PBXFileReference; lastKnownFileType = folder.assetcatalog; path = Assets.xcassets; sourceTree = "<group>"; };
		F026EC8E253F02D400DBED7E /* Base */ = {isa = PBXFileReference; lastKnownFileType = file.storyboard; name = Base; path = Base.lproj/LaunchScreen.storyboard; sourceTree = "<group>"; };
		F026EC90253F02D400DBED7E /* Info.plist */ = {isa = PBXFileReference; lastKnownFileType = text.plist.xml; path = Info.plist; sourceTree = "<group>"; };
		F0A58CDF253F100A0024B7EF /* OnboardingViewModel.swift */ = {isa = PBXFileReference; lastKnownFileType = sourcecode.swift; path = OnboardingViewModel.swift; sourceTree = "<group>"; };
/* End PBXFileReference section */

/* Begin PBXFrameworksBuildPhase section */
		F026EC7C253F02D300DBED7E /* Frameworks */ = {
			isa = PBXFrameworksBuildPhase;
			buildActionMask = 2147483647;
			files = (
			);
			runOnlyForDeploymentPostprocessing = 0;
		};
/* End PBXFrameworksBuildPhase section */

/* Begin PBXGroup section */
		F026EC76253F02D300DBED7E = {
			isa = PBXGroup;
			children = (
				F026EC81253F02D300DBED7E /* Check✓ */,
				F026EC80253F02D300DBED7E /* Products */,
			);
			sourceTree = "<group>";
		};
		F026EC80253F02D300DBED7E /* Products */ = {
			isa = PBXGroup;
			children = (
				F026EC7F253F02D300DBED7E /* Check✓.app */,
			);
			name = Products;
			sourceTree = "<group>";
		};
		F026EC81253F02D300DBED7E /* Check✓ */ = {
			isa = PBXGroup;
			children = (
				F026EC82253F02D300DBED7E /* AppDelegate.swift */,
				F026EC84253F02D300DBED7E /* SceneDelegate.swift */,
				F026EC9C253F040200DBED7E /* Protocols */,
				F026EC9B253F03E900DBED7E /* Models */,
				F026EC9A253F03D700DBED7E /* Screens */,
				F026EC8B253F02D400DBED7E /* Assets.xcassets */,
				F026EC8D253F02D400DBED7E /* LaunchScreen.storyboard */,
				F026EC90253F02D400DBED7E /* Info.plist */,
			);
			path = "Check✓";
			sourceTree = "<group>";
		};
		F026EC9A253F03D700DBED7E /* Screens */ = {
			isa = PBXGroup;
			children = (
				F026EC9E253F075600DBED7E /* OnBoarding */,
			);
			name = Screens;
			sourceTree = "<group>";
		};
		F026EC9B253F03E900DBED7E /* Models */ = {
			isa = PBXGroup;
			children = (
				F0A58CDE253F0FF60024B7EF /* ViewModel */,
			);
			path = Models;
			sourceTree = "<group>";
		};
		F026EC9C253F040200DBED7E /* Protocols */ = {
			isa = PBXGroup;
			children = (
			);
			name = Protocols;
			sourceTree = "<group>";
		};
		F026EC9E253F075600DBED7E /* OnBoarding */ = {
			isa = PBXGroup;
			children = (
				F026EC88253F02D300DBED7E /* Main.storyboard */,
				F026EC86253F02D300DBED7E /* OnboardingViewController.swift */,
			);
			path = OnBoarding;
			sourceTree = "<group>";
		};
		F0A58CDE253F0FF60024B7EF /* ViewModel */ = {
			isa = PBXGroup;
			children = (
				F0A58CDF253F100A0024B7EF /* OnboardingViewModel.swift */,
			);
			name = ViewModel;
			sourceTree = "<group>";
		};
/* End PBXGroup section */

/* Begin PBXNativeTarget section */
		F026EC7E253F02D300DBED7E /* Check✓ */ = {
			isa = PBXNativeTarget;
			buildConfigurationList = F026EC93253F02D400DBED7E /* Build configuration list for PBXNativeTarget "Check✓" */;
			buildPhases = (
				F026EC7B253F02D300DBED7E /* Sources */,
				F026EC7C253F02D300DBED7E /* Frameworks */,
				F026EC7D253F02D300DBED7E /* Resources */,
			);
			buildRules = (
			);
			dependencies = (
			);
			name = "Check✓";
			productName = "Check✓";
			productReference = F026EC7F253F02D300DBED7E /* Check✓.app */;
			productType = "com.apple.product-type.application";
		};
/* End PBXNativeTarget section */

/* Begin PBXProject section */
		F026EC77253F02D300DBED7E /* Project object */ = {
			isa = PBXProject;
			attributes = {
				LastSwiftUpdateCheck = 1200;
				LastUpgradeCheck = 1200;
				TargetAttributes = {
					F026EC7E253F02D300DBED7E = {
						CreatedOnToolsVersion = 12.0.1;
					};
				};
			};
			buildConfigurationList = F026EC7A253F02D300DBED7E /* Build configuration list for PBXProject "Check✓" */;
			compatibilityVersion = "Xcode 9.3";
			developmentRegion = en;
			hasScannedForEncodings = 0;
			knownRegions = (
				en,
				Base,
			);
			mainGroup = F026EC76253F02D300DBED7E;
			productRefGroup = F026EC80253F02D300DBED7E /* Products */;
			projectDirPath = "";
			projectRoot = "";
			targets = (
				F026EC7E253F02D300DBED7E /* Check✓ */,
			);
		};
/* End PBXProject section */

/* Begin PBXResourcesBuildPhase section */
		F026EC7D253F02D300DBED7E /* Resources */ = {
			isa = PBXResourcesBuildPhase;
			buildActionMask = 2147483647;
			files = (
				F026EC8F253F02D400DBED7E /* LaunchScreen.storyboard in Resources */,
				F026EC8C253F02D400DBED7E /* Assets.xcassets in Resources */,
				F026EC8A253F02D300DBED7E /* Main.storyboard in Resources */,
			);
			runOnlyForDeploymentPostprocessing = 0;
		};
/* End PBXResourcesBuildPhase section */

/* Begin PBXSourcesBuildPhase section */
		F026EC7B253F02D300DBED7E /* Sources */ = {
			isa = PBXSourcesBuildPhase;
			buildActionMask = 2147483647;
			files = (
				F026EC87253F02D300DBED7E /* OnboardingViewController.swift in Sources */,
				F026EC83253F02D300DBED7E /* AppDelegate.swift in Sources */,
				F026EC85253F02D300DBED7E /* SceneDelegate.swift in Sources */,
				F0A58CE0253F100A0024B7EF /* OnboardingViewModel.swift in Sources */,
			);
			runOnlyForDeploymentPostprocessing = 0;
		};
/* End PBXSourcesBuildPhase section */

/* Begin PBXVariantGroup section */
		F026EC88253F02D300DBED7E /* Main.storyboard */ = {
			isa = PBXVariantGroup;
			children = (
				F026EC89253F02D300DBED7E /* Base */,
			);
			name = Main.storyboard;
			sourceTree = "<group>";
		};
		F026EC8D253F02D400DBED7E /* LaunchScreen.storyboard */ = {
			isa = PBXVariantGroup;
			children = (
				F026EC8E253F02D400DBED7E /* Base */,
			);
			name = LaunchScreen.storyboard;
			sourceTree = "<group>";
		};
/* End PBXVariantGroup section */

/* Begin XCBuildConfiguration section */
		F026EC91253F02D400DBED7E /* Debug */ = {
			isa = XCBuildConfiguration;
			buildSettings = {
				ALWAYS_SEARCH_USER_PATHS = NO;
				CLANG_ANALYZER_NONNULL = YES;
				CLANG_ANALYZER_NUMBER_OBJECT_CONVERSION = YES_AGGRESSIVE;
				CLANG_CXX_LANGUAGE_STANDARD = "gnu++14";
				CLANG_CXX_LIBRARY = "libc++";
				CLANG_ENABLE_MODULES = YES;
				CLANG_ENABLE_OBJC_ARC = YES;
				CLANG_ENABLE_OBJC_WEAK = YES;
				CLANG_WARN_BLOCK_CAPTURE_AUTORELEASING = YES;
				CLANG_WARN_BOOL_CONVERSION = YES;
				CLANG_WARN_COMMA = YES;
				CLANG_WARN_CONSTANT_CONVERSION = YES;
				CLANG_WARN_DEPRECATED_OBJC_IMPLEMENTATIONS = YES;
				CLANG_WARN_DIRECT_OBJC_ISA_USAGE = YES_ERROR;
				CLANG_WARN_DOCUMENTATION_COMMENTS = YES;
				CLANG_WARN_EMPTY_BODY = YES;
				CLANG_WARN_ENUM_CONVERSION = YES;
				CLANG_WARN_INFINITE_RECURSION = YES;
				CLANG_WARN_INT_CONVERSION = YES;
				CLANG_WARN_NON_LITERAL_NULL_CONVERSION = YES;
				CLANG_WARN_OBJC_IMPLICIT_RETAIN_SELF = YES;
				CLANG_WARN_OBJC_LITERAL_CONVERSION = YES;
				CLANG_WARN_OBJC_ROOT_CLASS = YES_ERROR;
				CLANG_WARN_QUOTED_INCLUDE_IN_FRAMEWORK_HEADER = YES;
				CLANG_WARN_RANGE_LOOP_ANALYSIS = YES;
				CLANG_WARN_STRICT_PROTOTYPES = YES;
				CLANG_WARN_SUSPICIOUS_MOVE = YES;
				CLANG_WARN_UNGUARDED_AVAILABILITY = YES_AGGRESSIVE;
				CLANG_WARN_UNREACHABLE_CODE = YES;
				CLANG_WARN__DUPLICATE_METHOD_MATCH = YES;
				COPY_PHASE_STRIP = NO;
				DEBUG_INFORMATION_FORMAT = dwarf;
				ENABLE_STRICT_OBJC_MSGSEND = YES;
				ENABLE_TESTABILITY = YES;
				GCC_C_LANGUAGE_STANDARD = gnu11;
				GCC_DYNAMIC_NO_PIC = NO;
				GCC_NO_COMMON_BLOCKS = YES;
				GCC_OPTIMIZATION_LEVEL = 0;
				GCC_PREPROCESSOR_DEFINITIONS = (
					"DEBUG=1",
					"$(inherited)",
				);
				GCC_WARN_64_TO_32_BIT_CONVERSION = YES;
				GCC_WARN_ABOUT_RETURN_TYPE = YES_ERROR;
				GCC_WARN_UNDECLARED_SELECTOR = YES;
				GCC_WARN_UNINITIALIZED_AUTOS = YES_AGGRESSIVE;
				GCC_WARN_UNUSED_FUNCTION = YES;
				GCC_WARN_UNUSED_VARIABLE = YES;
				IPHONEOS_DEPLOYMENT_TARGET = 14.0;
				MTL_ENABLE_DEBUG_INFO = INCLUDE_SOURCE;
				MTL_FAST_MATH = YES;
				ONLY_ACTIVE_ARCH = YES;
				SDKROOT = iphoneos;
				SWIFT_ACTIVE_COMPILATION_CONDITIONS = DEBUG;
				SWIFT_OPTIMIZATION_LEVEL = "-Onone";
			};
			name = Debug;
		};
		F026EC92253F02D400DBED7E /* Release */ = {
			isa = XCBuildConfiguration;
			buildSettings = {
				ALWAYS_SEARCH_USER_PATHS = NO;
				CLANG_ANALYZER_NONNULL = YES;
				CLANG_ANALYZER_NUMBER_OBJECT_CONVERSION = YES_AGGRESSIVE;
				CLANG_CXX_LANGUAGE_STANDARD = "gnu++14";
				CLANG_CXX_LIBRARY = "libc++";
				CLANG_ENABLE_MODULES = YES;
				CLANG_ENABLE_OBJC_ARC = YES;
				CLANG_ENABLE_OBJC_WEAK = YES;
				CLANG_WARN_BLOCK_CAPTURE_AUTORELEASING = YES;
				CLANG_WARN_BOOL_CONVERSION = YES;
				CLANG_WARN_COMMA = YES;
				CLANG_WARN_CONSTANT_CONVERSION = YES;
				CLANG_WARN_DEPRECATED_OBJC_IMPLEMENTATIONS = YES;
				CLANG_WARN_DIRECT_OBJC_ISA_USAGE = YES_ERROR;
				CLANG_WARN_DOCUMENTATION_COMMENTS = YES;
				CLANG_WARN_EMPTY_BODY = YES;
				CLANG_WARN_ENUM_CONVERSION = YES;
				CLANG_WARN_INFINITE_RECURSION = YES;
				CLANG_WARN_INT_CONVERSION = YES;
				CLANG_WARN_NON_LITERAL_NULL_CONVERSION = YES;
				CLANG_WARN_OBJC_IMPLICIT_RETAIN_SELF = YES;
				CLANG_WARN_OBJC_LITERAL_CONVERSION = YES;
				CLANG_WARN_OBJC_ROOT_CLASS = YES_ERROR;
				CLANG_WARN_QUOTED_INCLUDE_IN_FRAMEWORK_HEADER = YES;
				CLANG_WARN_RANGE_LOOP_ANALYSIS = YES;
				CLANG_WARN_STRICT_PROTOTYPES = YES;
				CLANG_WARN_SUSPICIOUS_MOVE = YES;
				CLANG_WARN_UNGUARDED_AVAILABILITY = YES_AGGRESSIVE;
				CLANG_WARN_UNREACHABLE_CODE = YES;
				CLANG_WARN__DUPLICATE_METHOD_MATCH = YES;
				COPY_PHASE_STRIP = NO;
				DEBUG_INFORMATION_FORMAT = "dwarf-with-dsym";
				ENABLE_NS_ASSERTIONS = NO;
				ENABLE_STRICT_OBJC_MSGSEND = YES;
				GCC_C_LANGUAGE_STANDARD = gnu11;
				GCC_NO_COMMON_BLOCKS = YES;
				GCC_WARN_64_TO_32_BIT_CONVERSION = YES;
				GCC_WARN_ABOUT_RETURN_TYPE = YES_ERROR;
				GCC_WARN_UNDECLARED_SELECTOR = YES;
				GCC_WARN_UNINITIALIZED_AUTOS = YES_AGGRESSIVE;
				GCC_WARN_UNUSED_FUNCTION = YES;
				GCC_WARN_UNUSED_VARIABLE = YES;
				IPHONEOS_DEPLOYMENT_TARGET = 14.0;
				MTL_ENABLE_DEBUG_INFO = NO;
				MTL_FAST_MATH = YES;
				SDKROOT = iphoneos;
				SWIFT_COMPILATION_MODE = wholemodule;
				SWIFT_OPTIMIZATION_LEVEL = "-O";
				VALIDATE_PRODUCT = YES;
			};
			name = Release;
		};
		F026EC94253F02D400DBED7E /* Debug */ = {
			isa = XCBuildConfiguration;
			buildSettings = {
				ASSETCATALOG_COMPILER_APPICON_NAME = AppIcon;
				ASSETCATALOG_COMPILER_GLOBAL_ACCENT_COLOR_NAME = AccentColor;
				CODE_SIGN_STYLE = Automatic;
				DEVELOPMENT_TEAM = T4W9YQ844A;
				INFOPLIST_FILE = "Check✓/Info.plist";
				IPHONEOS_DEPLOYMENT_TARGET = 14.0;
				LD_RUNPATH_SEARCH_PATHS = (
					"$(inherited)",
					"@executable_path/Frameworks",
				);
				PRODUCT_BUNDLE_IDENTIFIER = "georgerosescu.Check-";
				PRODUCT_NAME = "$(TARGET_NAME)";
				SWIFT_VERSION = 5.0;
				TARGETED_DEVICE_FAMILY = 1;
			};
			name = Debug;
		};
		F026EC95253F02D400DBED7E /* Release */ = {
			isa = XCBuildConfiguration;
			buildSettings = {
				ASSETCATALOG_COMPILER_APPICON_NAME = AppIcon;
				ASSETCATALOG_COMPILER_GLOBAL_ACCENT_COLOR_NAME = AccentColor;
				CODE_SIGN_STYLE = Automatic;
				DEVELOPMENT_TEAM = T4W9YQ844A;
				INFOPLIST_FILE = "Check✓/Info.plist";
				IPHONEOS_DEPLOYMENT_TARGET = 14.0;
				LD_RUNPATH_SEARCH_PATHS = (
					"$(inherited)",
					"@executable_path/Frameworks",
				);
				PRODUCT_BUNDLE_IDENTIFIER = "georgerosescu.Check-";
				PRODUCT_NAME = "$(TARGET_NAME)";
				SWIFT_VERSION = 5.0;
				TARGETED_DEVICE_FAMILY = 1;
			};
			name = Release;
		};
/* End XCBuildConfiguration section */

/* Begin XCConfigurationList section */
		F026EC7A253F02D300DBED7E /* Build configuration list for PBXProject "Check✓" */ = {
			isa = XCConfigurationList;
			buildConfigurations = (
				F026EC91253F02D400DBED7E /* Debug */,
				F026EC92253F02D400DBED7E /* Release */,
			);
			defaultConfigurationIsVisible = 0;
			defaultConfigurationName = Release;
		};
		F026EC93253F02D400DBED7E /* Build configuration list for PBXNativeTarget "Check✓" */ = {
			isa = XCConfigurationList;
			buildConfigurations = (
				F026EC94253F02D400DBED7E /* Debug */,
				F026EC95253F02D400DBED7E /* Release */,
			);
			defaultConfigurationIsVisible = 0;
			defaultConfigurationName = Release;
		};
/* End XCConfigurationList section */
	};
	rootObject = F026EC77253F02D300DBED7E /* Project object */;
}
